
Microsoft Visual Studio Solution File, Format Version 12.00
# Visual Studio Version 17
VisualStudioVersion = 17.11.35327.3
MinimumVisualStudioVersion = 10.0.40219.1
Project("{FAE04EC0-301F-11D3-BF4B-00C04F79EFBC}") = "RoboFactory", "RoboFactory\RoboFactory.csproj", "{FB6AE215-8460-424D-ABFB-6F2388474C2A}"
EndProject
Global
	GlobalSection(SolutionConfigurationPlatforms) = preSolution
		Debug|Any CPU = Debug|Any CPU
		Release|Any CPU = Release|Any CPU
	EndGlobalSection
	GlobalSection(ProjectConfigurationPlatforms) = postSolution
		{FB6AE215-8460-424D-ABFB-6F2388474C2A}.Debug|Any CPU.ActiveCfg = Debug|Any CPU
		{FB6AE215-8460-424D-ABFB-6F2388474C2A}.Debug|Any CPU.Build.0 = Debug|Any CPU
		{FB6AE215-8460-424D-ABFB-6F2388474C2A}.Release|Any CPU.ActiveCfg = Release|Any CPU
		{FB6AE215-8460-424D-ABFB-6F2388474C2A}.Release|Any CPU.Build.0 = Release|Any CPU
	EndGlobalSection
	GlobalSection(SolutionProperties) = preSolution
		HideSolutionNode = FALSE
	EndGlobalSection
	GlobalSection(ExtensibilityGlobals) = postSolution
		SolutionGuid = {4323AC20-E5F8-4AC0-A945-78EF63FDC615}
	EndGlobalSection
EndGlobal
